{
  "requires": true,
  "lockfileVersion": 1,
  "dependencies": {
    "reveald3": {
      "version": "1.4.4",
      "resolved": "https://registry.npmjs.org/reveald3/-/reveald3-1.4.4.tgz",
      "integrity": "sha512-3H38DU6tkAuD1fGCiz8kx38MIXiCKD25/k+9oY9XLBmJpIB2dv/47dg4Mh4Z9IKnA/LXbzzFdX8a0h5e3mb27Q=="
    }
  }
}
